
Microsoft Visual Studio Solution File, Format Version 12.00
# Visual Studio 2013
VisualStudioVersion = 12.0.31101.0
MinimumVisualStudioVersion = 10.0.40219.1
Project("{FAE04EC0-301F-11D3-BF4B-00C04F79EFBC}") = "ClockAddIn", "ClockAddIn\ClockAddIn.csproj", "{983119E2-AFF7-4C87-A21D-3200FC9BB2A0}"
EndProject
Project("{FAE04EC0-301F-11D3-BF4B-00C04F79EFBC}") = "ClockAddIn_UnitTests", "ClockAddIn\ClockAddIn_UnitTests\ClockAddIn_UnitTests.csproj", "{523CC331-9394-4014-9CF5-56799179646A}"
EndProject
Project("{2150E333-8FDC-42A3-9474-1A3956D46DE8}") = "Solution Items", "Solution Items", "{3DD7851F-E3E8-403F-B73A-C0DD3A1229C6}"
	ProjectSection(SolutionItems) = preProject
		UnitTests.testsettings = UnitTests.testsettings
	EndProjectSection
EndProject
Global
	GlobalSection(SolutionConfigurationPlatforms) = preSolution
		Debug|Any CPU = Debug|Any CPU
		Release|Any CPU = Release|Any CPU
	EndGlobalSection
	GlobalSection(ProjectConfigurationPlatforms) = postSolution
		{983119E2-AFF7-4C87-A21D-3200FC9BB2A0}.Debug|Any CPU.ActiveCfg = Debug|Any CPU
		{983119E2-AFF7-4C87-A21D-3200FC9BB2A0}.Debug|Any CPU.Build.0 = Debug|Any CPU
		{983119E2-AFF7-4C87-A21D-3200FC9BB2A0}.Release|Any CPU.ActiveCfg = Release|Any CPU
		{983119E2-AFF7-4C87-A21D-3200FC9BB2A0}.Release|Any CPU.Build.0 = Release|Any CPU
		{523CC331-9394-4014-9CF5-56799179646A}.Debug|Any CPU.ActiveCfg = Debug|Any CPU
		{523CC331-9394-4014-9CF5-56799179646A}.Debug|Any CPU.Build.0 = Debug|Any CPU
		{523CC331-9394-4014-9CF5-56799179646A}.Release|Any CPU.ActiveCfg = Release|Any CPU
		{523CC331-9394-4014-9CF5-56799179646A}.Release|Any CPU.Build.0 = Release|Any CPU
	EndGlobalSection
	GlobalSection(SolutionProperties) = preSolution
		HideSolutionNode = FALSE
	EndGlobalSection
EndGlobal
